// !$*UTF8*$!
{
	archiveVersion = 1;
	classes = {
	};
	objectVersion = 51;
	objects = {

/* Begin PBXBuildFile section */
		4DD54C7F44399403D6BC320B /* Pods_RxLostArticle.framework in Frameworks */ = {isa = PBXBuildFile; fileRef = 9F66D55AF57DCD045EAC0AB4 /* Pods_RxLostArticle.framework */; };
		4F109FF9251D731800F053A7 /* APIDefine.swift in Sources */ = {isa = PBXBuildFile; fileRef = 4F109FF8251D731800F053A7 /* APIDefine.swift */; };
		4F109FFD251D737200F053A7 /* HWDataProtocol.swift in Sources */ = {isa = PBXBuildFile; fileRef = 4F109FFC251D737200F053A7 /* HWDataProtocol.swift */; };
		4F10A000251D737F00F053A7 /* DataApiManager.swift in Sources */ = {isa = PBXBuildFile; fileRef = 4F109FFF251D737F00F053A7 /* DataApiManager.swift */; };
		4F10A013251D752500F053A7 /* CommonPushedViewController.swift in Sources */ = {isa = PBXBuildFile; fileRef = 4F10A012251D752500F053A7 /* CommonPushedViewController.swift */; };
		4F10A018251D79A200F053A7 /* LostArticleListViewController.swift in Sources */ = {isa = PBXBuildFile; fileRef = 4F10A017251D79A200F053A7 /* LostArticleListViewController.swift */; };
		4F10A01C251D79D100F053A7 /* LostArticleListViewModel.swift in Sources */ = {isa = PBXBuildFile; fileRef = 4F10A01B251D79D100F053A7 /* LostArticleListViewModel.swift */; };
		4F10A01F251D7B4800F053A7 /* CommonDefine.swift in Sources */ = {isa = PBXBuildFile; fileRef = 4F10A01E251D7B4800F053A7 /* CommonDefine.swift */; };
		4F10A022251D7C0300F053A7 /* UIColorExtension.swift in Sources */ = {isa = PBXBuildFile; fileRef = 4F10A021251D7C0300F053A7 /* UIColorExtension.swift */; };
		4F10A027251D7F7400F053A7 /* LostArticleType1TableViewCell.swift in Sources */ = {isa = PBXBuildFile; fileRef = 4F10A025251D7F7400F053A7 /* LostArticleType1TableViewCell.swift */; };
		4F10A028251D7F7400F053A7 /* LostArticleType1TableViewCell.xib in Resources */ = {isa = PBXBuildFile; fileRef = 4F10A026251D7F7400F053A7 /* LostArticleType1TableViewCell.xib */; };
		4F10A02C251D811000F053A7 /* LostArticleModel.swift in Sources */ = {isa = PBXBuildFile; fileRef = 4F10A02B251D811000F053A7 /* LostArticleModel.swift */; };
		4F10A02F251DC7CD00F053A7 /* ToobarPickerView.swift in Sources */ = {isa = PBXBuildFile; fileRef = 4F10A02E251DC7CD00F053A7 /* ToobarPickerView.swift */; };
		4F7452C02522FAF6001BDF10 /* HWTableView.swift in Sources */ = {isa = PBXBuildFile; fileRef = 4F7452BF2522FAF6001BDF10 /* HWTableView.swift */; };
		4FBCAF32251D6F9E002234F6 /* AppDelegate.swift in Sources */ = {isa = PBXBuildFile; fileRef = 4FBCAF31251D6F9E002234F6 /* AppDelegate.swift */; };
		4FBCAF34251D6F9E002234F6 /* SceneDelegate.swift in Sources */ = {isa = PBXBuildFile; fileRef = 4FBCAF33251D6F9E002234F6 /* SceneDelegate.swift */; };
		4FBCAF39251D6F9E002234F6 /* Main.storyboard in Resources */ = {isa = PBXBuildFile; fileRef = 4FBCAF37251D6F9E002234F6 /* Main.storyboard */; };
		4FBCAF3B251D6FA2002234F6 /* Assets.xcassets in Resources */ = {isa = PBXBuildFile; fileRef = 4FBCAF3A251D6FA2002234F6 /* Assets.xcassets */; };
		4FBCAF3E251D6FA2002234F6 /* LaunchScreen.storyboard in Resources */ = {isa = PBXBuildFile; fileRef = 4FBCAF3C251D6FA2002234F6 /* LaunchScreen.storyboard */; };
		782E85E925238BA1007E1541 /* NoResultView.swift in Sources */ = {isa = PBXBuildFile; fileRef = 782E85E825238BA1007E1541 /* NoResultView.swift */; };
		782E85EC25238BAC007E1541 /* NoResultView.xib in Resources */ = {isa = PBXBuildFile; fileRef = 782E85EB25238BAC007E1541 /* NoResultView.xib */; };
		7872F1A42524700700EF4253 /* DetailArticleViewController.swift in Sources */ = {isa = PBXBuildFile; fileRef = 7872F1A22524700700EF4253 /* DetailArticleViewController.swift */; };
		7872F1A9252486D000EF4253 /* DetailArticleViewModel.swift in Sources */ = {isa = PBXBuildFile; fileRef = 7872F1A8252486D000EF4253 /* DetailArticleViewModel.swift */; };
/* End PBXBuildFile section */

/* Begin PBXFileReference section */
		0440A78390F51FC96315568C /* Pods-RxLostArticle.debug.xcconfig */ = {isa = PBXFileReference; includeInIndex = 1; lastKnownFileType = text.xcconfig; name = "Pods-RxLostArticle.debug.xcconfig"; path = "Target Support Files/Pods-RxLostArticle/Pods-RxLostArticle.debug.xcconfig"; sourceTree = "<group>"; };
		4F109FF8251D731800F053A7 /* APIDefine.swift */ = {isa = PBXFileReference; lastKnownFileType = sourcecode.swift; path = APIDefine.swift; sourceTree = "<group>"; };
		4F109FFC251D737200F053A7 /* HWDataProtocol.swift */ = {isa = PBXFileReference; fileEncoding = 4; lastKnownFileType = sourcecode.swift; path = HWDataProtocol.swift; sourceTree = "<group>"; };
		4F109FFF251D737F00F053A7 /* DataApiManager.swift */ = {isa = PBXFileReference; fileEncoding = 4; lastKnownFileType = sourcecode.swift; path = DataApiManager.swift; sourceTree = "<group>"; };
		4F10A012251D752500F053A7 /* CommonPushedViewController.swift */ = {isa = PBXFileReference; lastKnownFileType = sourcecode.swift; path = CommonPushedViewController.swift; sourceTree = "<group>"; };
		4F10A017251D79A200F053A7 /* LostArticleListViewController.swift */ = {isa = PBXFileReference; lastKnownFileType = sourcecode.swift; path = LostArticleListViewController.swift; sourceTree = "<group>"; };
		4F10A01B251D79D100F053A7 /* LostArticleListViewModel.swift */ = {isa = PBXFileReference; lastKnownFileType = sourcecode.swift; path = LostArticleListViewModel.swift; sourceTree = "<group>"; };
		4F10A01E251D7B4800F053A7 /* CommonDefine.swift */ = {isa = PBXFileReference; lastKnownFileType = sourcecode.swift; path = CommonDefine.swift; sourceTree = "<group>"; };
		4F10A021251D7C0300F053A7 /* UIColorExtension.swift */ = {isa = PBXFileReference; lastKnownFileType = sourcecode.swift; path = UIColorExtension.swift; sourceTree = "<group>"; };
		4F10A025251D7F7400F053A7 /* LostArticleType1TableViewCell.swift */ = {isa = PBXFileReference; lastKnownFileType = sourcecode.swift; path = LostArticleType1TableViewCell.swift; sourceTree = "<group>"; };
		4F10A026251D7F7400F053A7 /* LostArticleType1TableViewCell.xib */ = {isa = PBXFileReference; lastKnownFileType = file.xib; path = LostArticleType1TableViewCell.xib; sourceTree = "<group>"; };
		4F10A02B251D811000F053A7 /* LostArticleModel.swift */ = {isa = PBXFileReference; lastKnownFileType = sourcecode.swift; path = LostArticleModel.swift; sourceTree = "<group>"; };
		4F10A02E251DC7CD00F053A7 /* ToobarPickerView.swift */ = {isa = PBXFileReference; lastKnownFileType = sourcecode.swift; path = ToobarPickerView.swift; sourceTree = "<group>"; };
		4F7452BF2522FAF6001BDF10 /* HWTableView.swift */ = {isa = PBXFileReference; fileEncoding = 4; lastKnownFileType = sourcecode.swift; path = HWTableView.swift; sourceTree = "<group>"; };
		4FBCAF2E251D6F9E002234F6 /* RxLostArticle.app */ = {isa = PBXFileReference; explicitFileType = wrapper.application; includeInIndex = 0; path = RxLostArticle.app; sourceTree = BUILT_PRODUCTS_DIR; };
		4FBCAF31251D6F9E002234F6 /* AppDelegate.swift */ = {isa = PBXFileReference; lastKnownFileType = sourcecode.swift; path = AppDelegate.swift; sourceTree = "<group>"; };
		4FBCAF33251D6F9E002234F6 /* SceneDelegate.swift */ = {isa = PBXFileReference; lastKnownFileType = sourcecode.swift; path = SceneDelegate.swift; sourceTree = "<group>"; };
		4FBCAF38251D6F9E002234F6 /* Base */ = {isa = PBXFileReference; lastKnownFileType = file.storyboard; name = Base; path = Base.lproj/Main.storyboard; sourceTree = "<group>"; };
		4FBCAF3A251D6FA2002234F6 /* Assets.xcassets */ = {isa = PBXFileReference; lastKnownFileType = folder.assetcatalog; path = Assets.xcassets; sourceTree = "<group>"; };
		4FBCAF3D251D6FA2002234F6 /* Base */ = {isa = PBXFileReference; lastKnownFileType = file.storyboard; name = Base; path = Base.lproj/LaunchScreen.storyboard; sourceTree = "<group>"; };
		4FBCAF3F251D6FA2002234F6 /* Info.plist */ = {isa = PBXFileReference; lastKnownFileType = text.plist.xml; path = Info.plist; sourceTree = "<group>"; };
		782E85E825238BA1007E1541 /* NoResultView.swift */ = {isa = PBXFileReference; lastKnownFileType = sourcecode.swift; path = NoResultView.swift; sourceTree = "<group>"; };
		782E85EB25238BAC007E1541 /* NoResultView.xib */ = {isa = PBXFileReference; lastKnownFileType = file.xib; path = NoResultView.xib; sourceTree = "<group>"; };
		7872F1A22524700700EF4253 /* DetailArticleViewController.swift */ = {isa = PBXFileReference; lastKnownFileType = sourcecode.swift; path = DetailArticleViewController.swift; sourceTree = "<group>"; };
		7872F1A8252486D000EF4253 /* DetailArticleViewModel.swift */ = {isa = PBXFileReference; lastKnownFileType = sourcecode.swift; path = DetailArticleViewModel.swift; sourceTree = "<group>"; };
		81F70B16D291C8A8ABFC930C /* Pods-RxLostArticle.release.xcconfig */ = {isa = PBXFileReference; includeInIndex = 1; lastKnownFileType = text.xcconfig; name = "Pods-RxLostArticle.release.xcconfig"; path = "Target Support Files/Pods-RxLostArticle/Pods-RxLostArticle.release.xcconfig"; sourceTree = "<group>"; };
		9F66D55AF57DCD045EAC0AB4 /* Pods_RxLostArticle.framework */ = {isa = PBXFileReference; explicitFileType = wrapper.framework; includeInIndex = 0; path = Pods_RxLostArticle.framework; sourceTree = BUILT_PRODUCTS_DIR; };
/* End PBXFileReference section */

/* Begin PBXFrameworksBuildPhase section */
		4FBCAF2B251D6F9E002234F6 /* Frameworks */ = {
			isa = PBXFrameworksBuildPhase;
			buildActionMask = 2147483647;
			files = (
				4DD54C7F44399403D6BC320B /* Pods_RxLostArticle.framework in Frameworks */,
			);
			runOnlyForDeploymentPostprocessing = 0;
		};
/* End PBXFrameworksBuildPhase section */

/* Begin PBXGroup section */
		222466251AABDEBB559D3719 /* Frameworks */ = {
			isa = PBXGroup;
			children = (
				9F66D55AF57DCD045EAC0AB4 /* Pods_RxLostArticle.framework */,
			);
			name = Frameworks;
			sourceTree = "<group>";
		};
		402B8C44EBA67E09BC8B180A /* Pods */ = {
			isa = PBXGroup;
			children = (
				0440A78390F51FC96315568C /* Pods-RxLostArticle.debug.xcconfig */,
				81F70B16D291C8A8ABFC930C /* Pods-RxLostArticle.release.xcconfig */,
			);
			path = Pods;
			sourceTree = "<group>";
		};
		4F109FEC251D722D00F053A7 /* Views */ = {
			isa = PBXGroup;
			children = (
				4F7452BF2522FAF6001BDF10 /* HWTableView.swift */,
				4F10A02E251DC7CD00F053A7 /* ToobarPickerView.swift */,
				782E85E825238BA1007E1541 /* NoResultView.swift */,
				782E85EB25238BAC007E1541 /* NoResultView.xib */,
			);
			path = Views;
			sourceTree = "<group>";
		};
		4F109FED251D722D00F053A7 /* Model */ = {
			isa = PBXGroup;
			children = (
				4F10A02B251D811000F053A7 /* LostArticleModel.swift */,
			);
			path = Model;
			sourceTree = "<group>";
		};
		4F109FEE251D722D00F053A7 /* Define */ = {
			isa = PBXGroup;
			children = (
				4F109FF8251D731800F053A7 /* APIDefine.swift */,
				4F10A01E251D7B4800F053A7 /* CommonDefine.swift */,
			);
			path = Define;
			sourceTree = "<group>";
		};
		4F109FEF251D722D00F053A7 /* Module */ = {
			isa = PBXGroup;
			children = (
			);
			path = Module;
			sourceTree = "<group>";
		};
		4F109FF0251D722D00F053A7 /* Tabs */ = {
			isa = PBXGroup;
			children = (
				4F10A016251D798A00F053A7 /* AllListTab */,
			);
			path = Tabs;
			sourceTree = "<group>";
		};
		4F109FF1251D722D00F053A7 /* Class */ = {
			isa = PBXGroup;
			children = (
				4F10A012251D752500F053A7 /* CommonPushedViewController.swift */,
			);
			path = Class;
			sourceTree = "<group>";
		};
		4F109FF2251D722D00F053A7 /* Protocol */ = {
			isa = PBXGroup;
			children = (
				4F109FFC251D737200F053A7 /* HWDataProtocol.swift */,
			);
			path = Protocol;
			sourceTree = "<group>";
		};
		4F109FF3251D722D00F053A7 /* Manager */ = {
			isa = PBXGroup;
			children = (
				4F109FFF251D737F00F053A7 /* DataApiManager.swift */,
			);
			path = Manager;
			sourceTree = "<group>";
		};
		4F109FF4251D722D00F053A7 /* Resources */ = {
			isa = PBXGroup;
			children = (
			);
			path = Resources;
			sourceTree = "<group>";
		};
		4F109FF5251D722D00F053A7 /* ViewControllers */ = {
			isa = PBXGroup;
			children = (
				7872F1A22524700700EF4253 /* DetailArticleViewController.swift */,
				7872F1A8252486D000EF4253 /* DetailArticleViewModel.swift */,
			);
			path = ViewControllers;
			sourceTree = "<group>";
		};
		4F109FF6251D722D00F053A7 /* Extension */ = {
			isa = PBXGroup;
			children = (
				4F10A021251D7C0300F053A7 /* UIColorExtension.swift */,
			);
			path = Extension;
			sourceTree = "<group>";
		};
		4F109FF7251D722D00F053A7 /* Util */ = {
			isa = PBXGroup;
			children = (
			);
			path = Util;
			sourceTree = "<group>";
		};
		4F10A016251D798A00F053A7 /* AllListTab */ = {
			isa = PBXGroup;
			children = (
				4F10A017251D79A200F053A7 /* LostArticleListViewController.swift */,
				4F10A01B251D79D100F053A7 /* LostArticleListViewModel.swift */,
			);
			path = AllListTab;
			sourceTree = "<group>";
		};
		4F10A024251D7F3C00F053A7 /* CommonCells */ = {
			isa = PBXGroup;
			children = (
				4F10A025251D7F7400F053A7 /* LostArticleType1TableViewCell.swift */,
				4F10A026251D7F7400F053A7 /* LostArticleType1TableViewCell.xib */,
			);
			path = CommonCells;
			sourceTree = "<group>";
		};
		4FBCAF25251D6F9E002234F6 = {
			isa = PBXGroup;
			children = (
				4FBCAF30251D6F9E002234F6 /* RxLostArticle */,
				4FBCAF2F251D6F9E002234F6 /* Products */,
				402B8C44EBA67E09BC8B180A /* Pods */,
				222466251AABDEBB559D3719 /* Frameworks */,
			);
			sourceTree = "<group>";
		};
		4FBCAF2F251D6F9E002234F6 /* Products */ = {
			isa = PBXGroup;
			children = (
				4FBCAF2E251D6F9E002234F6 /* RxLostArticle.app */,
			);
			name = Products;
			sourceTree = "<group>";
		};
		4FBCAF30251D6F9E002234F6 /* RxLostArticle */ = {
			isa = PBXGroup;
			children = (
				4F10A024251D7F3C00F053A7 /* CommonCells */,
				4F109FF1251D722D00F053A7 /* Class */,
				4F109FEE251D722D00F053A7 /* Define */,
				4F109FF6251D722D00F053A7 /* Extension */,
				4F109FF3251D722D00F053A7 /* Manager */,
				4F109FED251D722D00F053A7 /* Model */,
				4F109FEF251D722D00F053A7 /* Module */,
				4F109FF2251D722D00F053A7 /* Protocol */,
				4F109FF4251D722D00F053A7 /* Resources */,
				4F109FF0251D722D00F053A7 /* Tabs */,
				4F109FF7251D722D00F053A7 /* Util */,
				4F109FF5251D722D00F053A7 /* ViewControllers */,
				4F109FEC251D722D00F053A7 /* Views */,
				4FBCAF31251D6F9E002234F6 /* AppDelegate.swift */,
				4FBCAF33251D6F9E002234F6 /* SceneDelegate.swift */,
				4FBCAF37251D6F9E002234F6 /* Main.storyboard */,
				4FBCAF3A251D6FA2002234F6 /* Assets.xcassets */,
				4FBCAF3C251D6FA2002234F6 /* LaunchScreen.storyboard */,
				4FBCAF3F251D6FA2002234F6 /* Info.plist */,
			);
			path = RxLostArticle;
			sourceTree = "<group>";
		};
/* End PBXGroup section */

/* Begin PBXNativeTarget section */
		4FBCAF2D251D6F9E002234F6 /* RxLostArticle */ = {
			isa = PBXNativeTarget;
			buildConfigurationList = 4FBCAF42251D6FA2002234F6 /* Build configuration list for PBXNativeTarget "RxLostArticle" */;
			buildPhases = (
				AC89C5783AA33A32ED1F2A34 /* [CP] Check Pods Manifest.lock */,
				4FBCAF2A251D6F9E002234F6 /* Sources */,
				4FBCAF2B251D6F9E002234F6 /* Frameworks */,
				4FBCAF2C251D6F9E002234F6 /* Resources */,
				46080270C4401EEF07987C1C /* [CP] Embed Pods Frameworks */,
			);
			buildRules = (
			);
			dependencies = (
			);
			name = RxLostArticle;
			productName = RxLostArticle;
			productReference = 4FBCAF2E251D6F9E002234F6 /* RxLostArticle.app */;
			productType = "com.apple.product-type.application";
		};
/* End PBXNativeTarget section */

/* Begin PBXProject section */
		4FBCAF26251D6F9E002234F6 /* Project object */ = {
			isa = PBXProject;
			attributes = {
				LastSwiftUpdateCheck = 1200;
				LastUpgradeCheck = 1200;
				TargetAttributes = {
					4FBCAF2D251D6F9E002234F6 = {
						CreatedOnToolsVersion = 12.0;
					};
				};
			};
			buildConfigurationList = 4FBCAF29251D6F9E002234F6 /* Build configuration list for PBXProject "RxLostArticle" */;
			compatibilityVersion = "Xcode 9.3";
			developmentRegion = en;
			hasScannedForEncodings = 0;
			knownRegions = (
				en,
				Base,
			);
			mainGroup = 4FBCAF25251D6F9E002234F6;
			productRefGroup = 4FBCAF2F251D6F9E002234F6 /* Products */;
			projectDirPath = "";
			projectRoot = "";
			targets = (
				4FBCAF2D251D6F9E002234F6 /* RxLostArticle */,
			);
		};
/* End PBXProject section */

/* Begin PBXResourcesBuildPhase section */
		4FBCAF2C251D6F9E002234F6 /* Resources */ = {
			isa = PBXResourcesBuildPhase;
			buildActionMask = 2147483647;
			files = (
				4FBCAF3E251D6FA2002234F6 /* LaunchScreen.storyboard in Resources */,
				782E85EC25238BAC007E1541 /* NoResultView.xib in Resources */,
				4FBCAF3B251D6FA2002234F6 /* Assets.xcassets in Resources */,
				4F10A028251D7F7400F053A7 /* LostArticleType1TableViewCell.xib in Resources */,
				4FBCAF39251D6F9E002234F6 /* Main.storyboard in Resources */,
			);
			runOnlyForDeploymentPostprocessing = 0;
		};
/* End PBXResourcesBuildPhase section */

/* Begin PBXShellScriptBuildPhase section */
		46080270C4401EEF07987C1C /* [CP] Embed Pods Frameworks */ = {
			isa = PBXShellScriptBuildPhase;
			buildActionMask = 2147483647;
			files = (
			);
			inputFileListPaths = (
				"${PODS_ROOT}/Target Support Files/Pods-RxLostArticle/Pods-RxLostArticle-frameworks-${CONFIGURATION}-input-files.xcfilelist",
			);
			name = "[CP] Embed Pods Frameworks";
			outputFileListPaths = (
				"${PODS_ROOT}/Target Support Files/Pods-RxLostArticle/Pods-RxLostArticle-frameworks-${CONFIGURATION}-output-files.xcfilelist",
			);
			runOnlyForDeploymentPostprocessing = 0;
			shellPath = /bin/sh;
			shellScript = "\"${PODS_ROOT}/Target Support Files/Pods-RxLostArticle/Pods-RxLostArticle-frameworks.sh\"\n";
			showEnvVarsInLog = 0;
		};
		AC89C5783AA33A32ED1F2A34 /* [CP] Check Pods Manifest.lock */ = {
			isa = PBXShellScriptBuildPhase;
			buildActionMask = 2147483647;
			files = (
			);
			inputFileListPaths = (
			);
			inputPaths = (
				"${PODS_PODFILE_DIR_PATH}/Podfile.lock",
				"${PODS_ROOT}/Manifest.lock",
			);
			name = "[CP] Check Pods Manifest.lock";
			outputFileListPaths = (
			);
			outputPaths = (
				"$(DERIVED_FILE_DIR)/Pods-RxLostArticle-checkManifestLockResult.txt",
			);
			runOnlyForDeploymentPostprocessing = 0;
			shellPath = /bin/sh;
			shellScript = "diff \"${PODS_PODFILE_DIR_PATH}/Podfile.lock\" \"${PODS_ROOT}/Manifest.lock\" > /dev/null\nif [ $? != 0 ] ; then\n    # print error to STDERR\n    echo \"error: The sandbox is not in sync with the Podfile.lock. Run 'pod install' or update your CocoaPods installation.\" >&2\n    exit 1\nfi\n# This output is used by Xcode 'outputs' to avoid re-running this script phase.\necho \"SUCCESS\" > \"${SCRIPT_OUTPUT_FILE_0}\"\n";
			showEnvVarsInLog = 0;
		};
/* End PBXShellScriptBuildPhase section */

/* Begin PBXSourcesBuildPhase section */
		4FBCAF2A251D6F9E002234F6 /* Sources */ = {
			isa = PBXSourcesBuildPhase;
			buildActionMask = 2147483647;
			files = (
				4F10A027251D7F7400F053A7 /* LostArticleType1TableViewCell.swift in Sources */,
				4F109FFD251D737200F053A7 /* HWDataProtocol.swift in Sources */,
				4F7452C02522FAF6001BDF10 /* HWTableView.swift in Sources */,
				4F10A000251D737F00F053A7 /* DataApiManager.swift in Sources */,
				782E85E925238BA1007E1541 /* NoResultView.swift in Sources */,
				4F10A02F251DC7CD00F053A7 /* ToobarPickerView.swift in Sources */,
				7872F1A42524700700EF4253 /* DetailArticleViewController.swift in Sources */,
				4FBCAF32251D6F9E002234F6 /* AppDelegate.swift in Sources */,
				4F10A02C251D811000F053A7 /* LostArticleModel.swift in Sources */,
				4FBCAF34251D6F9E002234F6 /* SceneDelegate.swift in Sources */,
				4F10A013251D752500F053A7 /* CommonPushedViewController.swift in Sources */,
				4F10A01F251D7B4800F053A7 /* CommonDefine.swift in Sources */,
				4F10A018251D79A200F053A7 /* LostArticleListViewController.swift in Sources */,
				7872F1A9252486D000EF4253 /* DetailArticleViewModel.swift in Sources */,
				4F10A022251D7C0300F053A7 /* UIColorExtension.swift in Sources */,
				4F109FF9251D731800F053A7 /* APIDefine.swift in Sources */,
				4F10A01C251D79D100F053A7 /* LostArticleListViewModel.swift in Sources */,
			);
			runOnlyForDeploymentPostprocessing = 0;
		};
/* End PBXSourcesBuildPhase section */

/* Begin PBXVariantGroup section */
		4FBCAF37251D6F9E002234F6 /* Main.storyboard */ = {
			isa = PBXVariantGroup;
			children = (
				4FBCAF38251D6F9E002234F6 /* Base */,
			);
			name = Main.storyboard;
			sourceTree = "<group>";
		};
		4FBCAF3C251D6FA2002234F6 /* LaunchScreen.storyboard */ = {
			isa = PBXVariantGroup;
			children = (
				4FBCAF3D251D6FA2002234F6 /* Base */,
			);
			name = LaunchScreen.storyboard;
			sourceTree = "<group>";
		};
/* End PBXVariantGroup section */

/* Begin XCBuildConfiguration section */
		4FBCAF40251D6FA2002234F6 /* Debug */ = {
			isa = XCBuildConfiguration;
			buildSettings = {
				ALWAYS_SEARCH_USER_PATHS = NO;
				CLANG_ANALYZER_NONNULL = YES;
				CLANG_ANALYZER_NUMBER_OBJECT_CONVERSION = YES_AGGRESSIVE;
				CLANG_CXX_LANGUAGE_STANDARD = "gnu++14";
				CLANG_CXX_LIBRARY = "libc++";
				CLANG_ENABLE_MODULES = YES;
				CLANG_ENABLE_OBJC_ARC = YES;
				CLANG_ENABLE_OBJC_WEAK = YES;
				CLANG_WARN_BLOCK_CAPTURE_AUTORELEASING = YES;
				CLANG_WARN_BOOL_CONVERSION = YES;
				CLANG_WARN_COMMA = YES;
				CLANG_WARN_CONSTANT_CONVERSION = YES;
				CLANG_WARN_DEPRECATED_OBJC_IMPLEMENTATIONS = YES;
				CLANG_WARN_DIRECT_OBJC_ISA_USAGE = YES_ERROR;
				CLANG_WARN_DOCUMENTATION_COMMENTS = YES;
				CLANG_WARN_EMPTY_BODY = YES;
				CLANG_WARN_ENUM_CONVERSION = YES;
				CLANG_WARN_INFINITE_RECURSION = YES;
				CLANG_WARN_INT_CONVERSION = YES;
				CLANG_WARN_NON_LITERAL_NULL_CONVERSION = YES;
				CLANG_WARN_OBJC_IMPLICIT_RETAIN_SELF = YES;
				CLANG_WARN_OBJC_LITERAL_CONVERSION = YES;
				CLANG_WARN_OBJC_ROOT_CLASS = YES_ERROR;
				CLANG_WARN_QUOTED_INCLUDE_IN_FRAMEWORK_HEADER = YES;
				CLANG_WARN_RANGE_LOOP_ANALYSIS = YES;
				CLANG_WARN_STRICT_PROTOTYPES = YES;
				CLANG_WARN_SUSPICIOUS_MOVE = YES;
				CLANG_WARN_UNGUARDED_AVAILABILITY = YES_AGGRESSIVE;
				CLANG_WARN_UNREACHABLE_CODE = YES;
				CLANG_WARN__DUPLICATE_METHOD_MATCH = YES;
				COPY_PHASE_STRIP = NO;
				DEBUG_INFORMATION_FORMAT = dwarf;
				ENABLE_STRICT_OBJC_MSGSEND = YES;
				ENABLE_TESTABILITY = YES;
				GCC_C_LANGUAGE_STANDARD = gnu11;
				GCC_DYNAMIC_NO_PIC = NO;
				GCC_NO_COMMON_BLOCKS = YES;
				GCC_OPTIMIZATION_LEVEL = 0;
				GCC_PREPROCESSOR_DEFINITIONS = (
					"DEBUG=1",
					"$(inherited)",
				);
				GCC_WARN_64_TO_32_BIT_CONVERSION = YES;
				GCC_WARN_ABOUT_RETURN_TYPE = YES_ERROR;
				GCC_WARN_UNDECLARED_SELECTOR = YES;
				GCC_WARN_UNINITIALIZED_AUTOS = YES_AGGRESSIVE;
				GCC_WARN_UNUSED_FUNCTION = YES;
				GCC_WARN_UNUSED_VARIABLE = YES;
				IPHONEOS_DEPLOYMENT_TARGET = 14.0;
				MTL_ENABLE_DEBUG_INFO = INCLUDE_SOURCE;
				MTL_FAST_MATH = YES;
				ONLY_ACTIVE_ARCH = YES;
				SDKROOT = iphoneos;
				SWIFT_ACTIVE_COMPILATION_CONDITIONS = DEBUG;
				SWIFT_OPTIMIZATION_LEVEL = "-Onone";
			};
			name = Debug;
		};
		4FBCAF41251D6FA2002234F6 /* Release */ = {
			isa = XCBuildConfiguration;
			buildSettings = {
				ALWAYS_SEARCH_USER_PATHS = NO;
				CLANG_ANALYZER_NONNULL = YES;
				CLANG_ANALYZER_NUMBER_OBJECT_CONVERSION = YES_AGGRESSIVE;
				CLANG_CXX_LANGUAGE_STANDARD = "gnu++14";
				CLANG_CXX_LIBRARY = "libc++";
				CLANG_ENABLE_MODULES = YES;
				CLANG_ENABLE_OBJC_ARC = YES;
				CLANG_ENABLE_OBJC_WEAK = YES;
				CLANG_WARN_BLOCK_CAPTURE_AUTORELEASING = YES;
				CLANG_WARN_BOOL_CONVERSION = YES;
				CLANG_WARN_COMMA = YES;
				CLANG_WARN_CONSTANT_CONVERSION = YES;
				CLANG_WARN_DEPRECATED_OBJC_IMPLEMENTATIONS = YES;
				CLANG_WARN_DIRECT_OBJC_ISA_USAGE = YES_ERROR;
				CLANG_WARN_DOCUMENTATION_COMMENTS = YES;
				CLANG_WARN_EMPTY_BODY = YES;
				CLANG_WARN_ENUM_CONVERSION = YES;
				CLANG_WARN_INFINITE_RECURSION = YES;
				CLANG_WARN_INT_CONVERSION = YES;
				CLANG_WARN_NON_LITERAL_NULL_CONVERSION = YES;
				CLANG_WARN_OBJC_IMPLICIT_RETAIN_SELF = YES;
				CLANG_WARN_OBJC_LITERAL_CONVERSION = YES;
				CLANG_WARN_OBJC_ROOT_CLASS = YES_ERROR;
				CLANG_WARN_QUOTED_INCLUDE_IN_FRAMEWORK_HEADER = YES;
				CLANG_WARN_RANGE_LOOP_ANALYSIS = YES;
				CLANG_WARN_STRICT_PROTOTYPES = YES;
				CLANG_WARN_SUSPICIOUS_MOVE = YES;
				CLANG_WARN_UNGUARDED_AVAILABILITY = YES_AGGRESSIVE;
				CLANG_WARN_UNREACHABLE_CODE = YES;
				CLANG_WARN__DUPLICATE_METHOD_MATCH = YES;
				COPY_PHASE_STRIP = NO;
				DEBUG_INFORMATION_FORMAT = "dwarf-with-dsym";
				ENABLE_NS_ASSERTIONS = NO;
				ENABLE_STRICT_OBJC_MSGSEND = YES;
				GCC_C_LANGUAGE_STANDARD = gnu11;
				GCC_NO_COMMON_BLOCKS = YES;
				GCC_WARN_64_TO_32_BIT_CONVERSION = YES;
				GCC_WARN_ABOUT_RETURN_TYPE = YES_ERROR;
				GCC_WARN_UNDECLARED_SELECTOR = YES;
				GCC_WARN_UNINITIALIZED_AUTOS = YES_AGGRESSIVE;
				GCC_WARN_UNUSED_FUNCTION = YES;
				GCC_WARN_UNUSED_VARIABLE = YES;
				IPHONEOS_DEPLOYMENT_TARGET = 14.0;
				MTL_ENABLE_DEBUG_INFO = NO;
				MTL_FAST_MATH = YES;
				SDKROOT = iphoneos;
				SWIFT_COMPILATION_MODE = wholemodule;
				SWIFT_OPTIMIZATION_LEVEL = "-O";
				VALIDATE_PRODUCT = YES;
			};
			name = Release;
		};
		4FBCAF43251D6FA2002234F6 /* Debug */ = {
			isa = XCBuildConfiguration;
			baseConfigurationReference = 0440A78390F51FC96315568C /* Pods-RxLostArticle.debug.xcconfig */;
			buildSettings = {
				ASSETCATALOG_COMPILER_APPICON_NAME = AppIcon;
				ASSETCATALOG_COMPILER_GLOBAL_ACCENT_COLOR_NAME = AccentColor;
				CODE_SIGN_STYLE = Automatic;
				DEVELOPMENT_TEAM = FAN774JRD2;
				INFOPLIST_FILE = RxLostArticle/Info.plist;
				LD_RUNPATH_SEARCH_PATHS = (
					"$(inherited)",
					"@executable_path/Frameworks",
				);
				PRODUCT_BUNDLE_IDENTIFIER = com.hanwe.RxLostArticle;
				PRODUCT_NAME = "$(TARGET_NAME)";
				SWIFT_VERSION = 5.0;
				TARGETED_DEVICE_FAMILY = "1,2";
			};
			name = Debug;
		};
		4FBCAF44251D6FA2002234F6 /* Release */ = {
			isa = XCBuildConfiguration;
			baseConfigurationReference = 81F70B16D291C8A8ABFC930C /* Pods-RxLostArticle.release.xcconfig */;
			buildSettings = {
				ASSETCATALOG_COMPILER_APPICON_NAME = AppIcon;
				ASSETCATALOG_COMPILER_GLOBAL_ACCENT_COLOR_NAME = AccentColor;
				CODE_SIGN_STYLE = Automatic;
				DEVELOPMENT_TEAM = FAN774JRD2;
				INFOPLIST_FILE = RxLostArticle/Info.plist;
				LD_RUNPATH_SEARCH_PATHS = (
					"$(inherited)",
					"@executable_path/Frameworks",
				);
				PRODUCT_BUNDLE_IDENTIFIER = com.hanwe.RxLostArticle;
				PRODUCT_NAME = "$(TARGET_NAME)";
				SWIFT_VERSION = 5.0;
				TARGETED_DEVICE_FAMILY = "1,2";
			};
			name = Release;
		};
/* End XCBuildConfiguration section */

/* Begin XCConfigurationList section */
		4FBCAF29251D6F9E002234F6 /* Build configuration list for PBXProject "RxLostArticle" */ = {
			isa = XCConfigurationList;
			buildConfigurations = (
				4FBCAF40251D6FA2002234F6 /* Debug */,
				4FBCAF41251D6FA2002234F6 /* Release */,
			);
			defaultConfigurationIsVisible = 0;
			defaultConfigurationName = Release;
		};
		4FBCAF42251D6FA2002234F6 /* Build configuration list for PBXNativeTarget "RxLostArticle" */ = {
			isa = XCConfigurationList;
			buildConfigurations = (
				4FBCAF43251D6FA2002234F6 /* Debug */,
				4FBCAF44251D6FA2002234F6 /* Release */,
			);
			defaultConfigurationIsVisible = 0;
			defaultConfigurationName = Release;
		};
/* End XCConfigurationList section */
	};
	rootObject = 4FBCAF26251D6F9E002234F6 /* Project object */;
}
